
Microsoft Visual Studio Solution File, Format Version 12.00
Project("{FAE04EC0-301F-11D3-BF4B-00C04F79EFBC}") = "PlanningResolver", "PlanningResolver\PlanningResolver.csproj", "{6334284F-A18B-4C73-ACBC-FCFEDB7BD6F2}"
EndProject
Project("{FAE04EC0-301F-11D3-BF4B-00C04F79EFBC}") = "PlanningResolver.Domain", "PlanningResolver.Domain\PlanningResolver.Domain.csproj", "{CEEEDA2A-F805-4FAA-A71F-DA368234086D}"
EndProject
Global
	GlobalSection(SolutionConfigurationPlatforms) = preSolution
		Debug|Any CPU = Debug|Any CPU
		Release|Any CPU = Release|Any CPU
	EndGlobalSection
	GlobalSection(ProjectConfigurationPlatforms) = postSolution
		{6334284F-A18B-4C73-ACBC-FCFEDB7BD6F2}.Debug|Any CPU.ActiveCfg = Debug|Any CPU
		{6334284F-A18B-4C73-ACBC-FCFEDB7BD6F2}.Debug|Any CPU.Build.0 = Debug|Any CPU
		{6334284F-A18B-4C73-ACBC-FCFEDB7BD6F2}.Release|Any CPU.ActiveCfg = Release|Any CPU
		{6334284F-A18B-4C73-ACBC-FCFEDB7BD6F2}.Release|Any CPU.Build.0 = Release|Any CPU
		{CEEEDA2A-F805-4FAA-A71F-DA368234086D}.Debug|Any CPU.ActiveCfg = Debug|Any CPU
		{CEEEDA2A-F805-4FAA-A71F-DA368234086D}.Debug|Any CPU.Build.0 = Debug|Any CPU
		{CEEEDA2A-F805-4FAA-A71F-DA368234086D}.Release|Any CPU.ActiveCfg = Release|Any CPU
		{CEEEDA2A-F805-4FAA-A71F-DA368234086D}.Release|Any CPU.Build.0 = Release|Any CPU
	EndGlobalSection
EndGlobal
